
Microsoft Visual Studio Solution File, Format Version 12.00
# Visual Studio Version 16
VisualStudioVersion = 16.0.31624.102
MinimumVisualStudioVersion = 10.0.40219.1
Project("{FAE04EC0-301F-11D3-BF4B-00C04F79EFBC}") = "PackageDelivery", "PackageDelivery.csproj", "{269DF959-3CAD-497C-9BDF-90972C4F0875}"
EndProject
Project("{FAE04EC0-301F-11D3-BF4B-00C04F79EFBC}") = "Account", "..\Account\Account.csproj", "{C9439E45-1CC3-491D-8CB8-2B85C8B0ED44}"
EndProject
Global
	GlobalSection(SolutionConfigurationPlatforms) = preSolution
		Debug|Any CPU = Debug|Any CPU
		Release|Any CPU = Release|Any CPU
	EndGlobalSection
	GlobalSection(ProjectConfigurationPlatforms) = postSolution
		{269DF959-3CAD-497C-9BDF-90972C4F0875}.Debug|Any CPU.ActiveCfg = Debug|Any CPU
		{269DF959-3CAD-497C-9BDF-90972C4F0875}.Debug|Any CPU.Build.0 = Debug|Any CPU
		{269DF959-3CAD-497C-9BDF-90972C4F0875}.Release|Any CPU.ActiveCfg = Release|Any CPU
		{269DF959-3CAD-497C-9BDF-90972C4F0875}.Release|Any CPU.Build.0 = Release|Any CPU
		{C9439E45-1CC3-491D-8CB8-2B85C8B0ED44}.Debug|Any CPU.ActiveCfg = Debug|Any CPU
		{C9439E45-1CC3-491D-8CB8-2B85C8B0ED44}.Debug|Any CPU.Build.0 = Debug|Any CPU
		{C9439E45-1CC3-491D-8CB8-2B85C8B0ED44}.Release|Any CPU.ActiveCfg = Release|Any CPU
		{C9439E45-1CC3-491D-8CB8-2B85C8B0ED44}.Release|Any CPU.Build.0 = Release|Any CPU
	EndGlobalSection
	GlobalSection(SolutionProperties) = preSolution
		HideSolutionNode = FALSE
	EndGlobalSection
	GlobalSection(ExtensibilityGlobals) = postSolution
		SolutionGuid = {D677EC4D-E2E9-4E15-9ACC-3D8350590132}
	EndGlobalSection
EndGlobal
